version = 1
revision = 3
requires-python = ">=3.13"
resolution-markers = [
    "python_full_version >= '3.14' and platform_python_implementation != 'PyPy'",
    "python_full_version < '3.14' and platform_python_implementation != 'PyPy'",
    "platform_python_implementation == 'PyPy'",
]

[[package]]
name = "ansible"
version = "12.0.0"
source = { registry = "https://pypi.org/simple" }
dependencies = [
    { name = "ansible-core" },
]
sdist = { url = "https://files.pythonhosted.org/packages/40/47/e7294a50e89e1f26456703a2fc2f3ce84fde6ad92ef86582648da21cc997/ansible-12.0.0.tar.gz", hash = "sha256:1b3ad8158dd2597ce45a864a55ca09e5be1807cc97f44a00c39d7bb9e1520aa6", size = 42251465, upload-time = "2025-09-09T15:56:40.921Z" }
wheels = [
    { url = "https://files.pythonhosted.org/packages/36/c4/8f90ac0d4cb85387eccfaf1b1510017872aa4b56f098178f76b2ab4e4571/ansible-12.0.0-py3-none-any.whl", hash = "sha256:1a17f8c593a973e6d81f10ebfe7eac53e799616f745d57b99bd36b34f79f16a2", size = 51828371, upload-time = "2025-09-09T15:56:36.467Z" },
]

[[package]]
name = "ansible-core"
version = "2.19.2"
source = { registry = "https://pypi.org/simple" }
dependencies = [
    { name = "cryptography" },
    { name = "jinja2" },
    { name = "packaging" },
    { name = "pyyaml" },
    { name = "resolvelib" },
]
sdist = { url = "https://files.pythonhosted.org/packages/16/f1/1c21d3bff03fe9a5b51515307db7a76ec8b8972c70d5702cc3027c988a99/ansible_core-2.19.2.tar.gz", hash = "sha256:87fcbbc492ed16eb6adb0379bae0adbf69f3ce88a8440e7e88e0dcefa9f8a54c", size = 3408325, upload-time = "2025-09-08T18:11:33.666Z" }
wheels = [
    { url = "https://files.pythonhosted.org/packages/f5/49/f0ae13c228ae31613a27f9a06e55fdaa76ee45fce3d35c9f6e1ef423a6c0/ansible_core-2.19.2-py3-none-any.whl", hash = "sha256:1fe6ca533951b5ba4a619e763ea4f6725f68c36677c7d5aaa467b59aa449bdc8", size = 2403942, upload-time = "2025-09-08T18:11:31.341Z" },
]

[[package]]
name = "ansible-roles"
version = "1.0.0"
source = { virtual = "." }
dependencies = [
    { name = "ansible" },
]

[package.metadata]
requires-dist = [{ name = "ansible" }]

[[package]]
name = "cffi"
version = "2.0.0"
source = { registry = "https://pypi.org/simple" }
dependencies = [
    { name = "pycparser", marker = "implementation_name != 'PyPy' and platform_python_implementation != 'PyPy'" },
]
sdist = { url = "https://files.pythonhosted.org/packages/eb/56/b1ba7935a17738ae8453301356628e8147c79dbb825bcbc73dc7401f9846/cffi-2.0.0.tar.gz", hash = "sha256:44d1b5909021139fe36001ae048dbdde8214afa20200eda0f64c068cac5d5529", size = 523588, upload-time = "2025-09-08T23:24:04.541Z" }
wheels = [
    { url = "https://files.pythonhosted.org/packages/4b/8d/a0a47a0c9e413a658623d014e91e74a50cdd2c423f7ccfd44086ef767f90/cffi-2.0.0-cp313-cp313-macosx_10_13_x86_64.whl", hash = "sha256:00bdf7acc5f795150faa6957054fbbca2439db2f775ce831222b66f192f03beb", size = 185230, upload-time = "2025-09-08T23:23:00.879Z" },
    { url = "https://files.pythonhosted.org/packages/4a/d2/a6c0296814556c68ee32009d9c2ad4f85f2707cdecfd7727951ec228005d/cffi-2.0.0-cp313-cp313-macosx_11_0_arm64.whl", hash = "sha256:45d5e886156860dc35862657e1494b9bae8dfa63bf56796f2fb56e1679fc0bca", size = 181043, upload-time = "2025-09-08T23:23:02.231Z" },
    { url = "https://files.pythonhosted.org/packages/b0/1e/d22cc63332bd59b06481ceaac49d6c507598642e2230f201649058a7e704/cffi-2.0.0-cp313-cp313-manylinux1_i686.manylinux2014_i686.manylinux_2_17_i686.manylinux_2_5_i686.whl", hash = "sha256:07b271772c100085dd28b74fa0cd81c8fb1a3ba18b21e03d7c27f3436a10606b", size = 212446, upload-time = "2025-09-08T23:23:03.472Z" },
    { url = "https://files.pythonhosted.org/packages/a9/f5/a2c23eb03b61a0b8747f211eb716446c826ad66818ddc7810cc2cc19b3f2/cffi-2.0.0-cp313-cp313-manylinux2014_aarch64.manylinux_2_17_aarch64.whl", hash = "sha256:d48a880098c96020b02d5a1f7d9251308510ce8858940e6fa99ece33f610838b", size = 220101, upload-time = "2025-09-08T23:23:04.792Z" },
    { url = "https://files.pythonhosted.org/packages/f2/7f/e6647792fc5850d634695bc0e6ab4111ae88e89981d35ac269956605feba/cffi-2.0.0-cp313-cp313-manylinux2014_ppc64le.manylinux_2_17_ppc64le.whl", hash = "sha256:f93fd8e5c8c0a4aa1f424d6173f14a892044054871c771f8566e4008eaa359d2", size = 207948, upload-time = "2025-09-08T23:23:06.127Z" },
    { url = "https://files.pythonhosted.org/packages/cb/1e/a5a1bd6f1fb30f22573f76533de12a00bf274abcdc55c8edab639078abb6/cffi-2.0.0-cp313-cp313-manylinux2014_s390x.manylinux_2_17_s390x.whl", hash = "sha256:dd4f05f54a52fb558f1ba9f528228066954fee3ebe629fc1660d874d040ae5a3", size = 206422, upload-time = "2025-09-08T23:23:07.753Z" },
    { url = "https://files.pythonhosted.org/packages/98/df/0a1755e750013a2081e863e7cd37e0cdd02664372c754e5560099eb7aa44/cffi-2.0.0-cp313-cp313-manylinux2014_x86_64.manylinux_2_17_x86_64.whl", hash = "sha256:c8d3b5532fc71b7a77c09192b4a5a200ea992702734a2e9279a37f2478236f26", size = 219499, upload-time = "2025-09-08T23:23:09.648Z" },
    { url = "https://files.pythonhosted.org/packages/50/e1/a969e687fcf9ea58e6e2a928ad5e2dd88cc12f6f0ab477e9971f2309b57c/cffi-2.0.0-cp313-cp313-musllinux_1_2_aarch64.whl", hash = "sha256:d9b29c1f0ae438d5ee9acb31cadee00a58c46cc9c0b2f9038c6b0b3470877a8c", size = 222928, upload-time = "2025-09-08T23:23:10.928Z" },
    { url = "https://files.pythonhosted.org/packages/36/54/0362578dd2c9e557a28ac77698ed67323ed5b9775ca9d3fe73fe191bb5d8/cffi-2.0.0-cp313-cp313-musllinux_1_2_x86_64.whl", hash = "sha256:6d50360be4546678fc1b79ffe7a66265e28667840010348dd69a314145807a1b", size = 221302, upload-time = "2025-09-08T23:23:12.42Z" },
    { url = "https://files.pythonhosted.org/packages/eb/6d/bf9bda840d5f1dfdbf0feca87fbdb64a918a69bca42cfa0ba7b137c48cb8/cffi-2.0.0-cp313-cp313-win32.whl", hash = "sha256:74a03b9698e198d47562765773b4a8309919089150a0bb17d829ad7b44b60d27", size = 172909, upload-time = "2025-09-08T23:23:14.32Z" },
    { url = "https://files.pythonhosted.org/packages/37/18/6519e1ee6f5a1e579e04b9ddb6f1676c17368a7aba48299c3759bbc3c8b3/cffi-2.0.0-cp313-cp313-win_amd64.whl", hash = "sha256:19f705ada2530c1167abacb171925dd886168931e0a7b78f5bffcae5c6b5be75", size = 183402, upload-time = "2025-09-08T23:23:15.535Z" },
    { url = "https://files.pythonhosted.org/packages/cb/0e/02ceeec9a7d6ee63bb596121c2c8e9b3a9e150936f4fbef6ca1943e6137c/cffi-2.0.0-cp313-cp313-win_arm64.whl", hash = "sha256:256f80b80ca3853f90c21b23ee78cd008713787b1b1e93eae9f3d6a7134abd91", size = 177780, upload-time = "2025-09-08T23:23:16.761Z" },
    { url = "https://files.pythonhosted.org/packages/92/c4/3ce07396253a83250ee98564f8d7e9789fab8e58858f35d07a9a2c78de9f/cffi-2.0.0-cp314-cp314-macosx_10_13_x86_64.whl", hash = "sha256:fc33c5141b55ed366cfaad382df24fe7dcbc686de5be719b207bb248e3053dc5", size = 185320, upload-time = "2025-09-08T23:23:18.087Z" },
    { url = "https://files.pythonhosted.org/packages/59/dd/27e9fa567a23931c838c6b02d0764611c62290062a6d4e8ff7863daf9730/cffi-2.0.0-cp314-cp314-macosx_11_0_arm64.whl", hash = "sha256:c654de545946e0db659b3400168c9ad31b5d29593291482c43e3564effbcee13", size = 181487, upload-time = "2025-09-08T23:23:19.622Z" },
    { url = "https://files.pythonhosted.org/packages/d6/43/0e822876f87ea8a4ef95442c3d766a06a51fc5298823f884ef87aaad168c/cffi-2.0.0-cp314-cp314-manylinux2014_aarch64.manylinux_2_17_aarch64.whl", hash = "sha256:24b6f81f1983e6df8db3adc38562c83f7d4a0c36162885ec7f7b77c7dcbec97b", size = 220049, upload-time = "2025-09-08T23:23:20.853Z" },
    { url = "https://files.pythonhosted.org/packages/b4/89/76799151d9c2d2d1ead63c2429da9ea9d7aac304603de0c6e8764e6e8e70/cffi-2.0.0-cp314-cp314-manylinux2014_ppc64le.manylinux_2_17_ppc64le.whl", hash = "sha256:12873ca6cb9b0f0d3a0da705d6086fe911591737a59f28b7936bdfed27c0d47c", size = 207793, upload-time = "2025-09-08T23:23:22.08Z" },
    { url = "https://files.pythonhosted.org/packages/bb/dd/3465b14bb9e24ee24cb88c9e3730f6de63111fffe513492bf8c808a3547e/cffi-2.0.0-cp314-cp314-manylinux2014_s390x.manylinux_2_17_s390x.whl", hash = "sha256:d9b97165e8aed9272a6bb17c01e3cc5871a594a446ebedc996e2397a1c1ea8ef", size = 206300, upload-time = "2025-09-08T23:23:23.314Z" },
    { url = "https://files.pythonhosted.org/packages/47/d9/d83e293854571c877a92da46fdec39158f8d7e68da75bf73581225d28e90/cffi-2.0.0-cp314-cp314-manylinux2014_x86_64.manylinux_2_17_x86_64.whl", hash = "sha256:afb8db5439b81cf9c9d0c80404b60c3cc9c3add93e114dcae767f1477cb53775", size = 219244, upload-time = "2025-09-08T23:23:24.541Z" },
    { url = "https://files.pythonhosted.org/packages/2b/0f/1f177e3683aead2bb00f7679a16451d302c436b5cbf2505f0ea8146ef59e/cffi-2.0.0-cp314-cp314-musllinux_1_2_aarch64.whl", hash = "sha256:737fe7d37e1a1bffe70bd5754ea763a62a066dc5913ca57e957824b72a85e205", size = 222828, upload-time = "2025-09-08T23:23:26.143Z" },
    { url = "https://files.pythonhosted.org/packages/c6/0f/cafacebd4b040e3119dcb32fed8bdef8dfe94da653155f9d0b9dc660166e/cffi-2.0.0-cp314-cp314-musllinux_1_2_x86_64.whl", hash = "sha256:38100abb9d1b1435bc4cc340bb4489635dc2f0da7456590877030c9b3d40b0c1", size = 220926, upload-time = "2025-09-08T23:23:27.873Z" },
    { url = "https://files.pythonhosted.org/packages/3e/aa/df335faa45b395396fcbc03de2dfcab242cd61a9900e914fe682a59170b1/cffi-2.0.0-cp314-cp314-win32.whl", hash = "sha256:087067fa8953339c723661eda6b54bc98c5625757ea62e95eb4898ad5e776e9f", size = 175328, upload-time = "2025-09-08T23:23:44.61Z" },
    { url = "https://files.pythonhosted.org/packages/bb/92/882c2d30831744296ce713f0feb4c1cd30f346ef747b530b5318715cc367/cffi-2.0.0-cp314-cp314-win_amd64.whl", hash = "sha256:203a48d1fb583fc7d78a4c6655692963b860a417c0528492a6bc21f1aaefab25", size = 185650, upload-time = "2025-09-08T23:23:45.848Z" },
    { url = "https://files.pythonhosted.org/packages/9f/2c/98ece204b9d35a7366b5b2c6539c350313ca13932143e79dc133ba757104/cffi-2.0.0-cp314-cp314-win_arm64.whl", hash = "sha256:dbd5c7a25a7cb98f5ca55d258b103a2054f859a46ae11aaf23134f9cc0d356ad", size = 180687, upload-time = "2025-09-08T23:23:47.105Z" },
    { url = "https://files.pythonhosted.org/packages/3e/61/c768e4d548bfa607abcda77423448df8c471f25dbe64fb2ef6d555eae006/cffi-2.0.0-cp314-cp314t-macosx_10_13_x86_64.whl", hash = "sha256:9a67fc9e8eb39039280526379fb3a70023d77caec1852002b4da7e8b270c4dd9", size = 188773, upload-time = "2025-09-08T23:23:29.347Z" },
    { url = "https://files.pythonhosted.org/packages/2c/ea/5f76bce7cf6fcd0ab1a1058b5af899bfbef198bea4d5686da88471ea0336/cffi-2.0.0-cp314-cp314t-macosx_11_0_arm64.whl", hash = "sha256:7a66c7204d8869299919db4d5069a82f1561581af12b11b3c9f48c584eb8743d", size = 185013, upload-time = "2025-09-08T23:23:30.63Z" },
    { url = "https://files.pythonhosted.org/packages/be/b4/c56878d0d1755cf9caa54ba71e5d049479c52f9e4afc230f06822162ab2f/cffi-2.0.0-cp314-cp314t-manylinux2014_aarch64.manylinux_2_17_aarch64.whl", hash = "sha256:7cc09976e8b56f8cebd752f7113ad07752461f48a58cbba644139015ac24954c", size = 221593, upload-time = "2025-09-08T23:23:31.91Z" },
    { url = "https://files.pythonhosted.org/packages/e0/0d/eb704606dfe8033e7128df5e90fee946bbcb64a04fcdaa97321309004000/cffi-2.0.0-cp314-cp314t-manylinux2014_ppc64le.manylinux_2_17_ppc64le.whl", hash = "sha256:92b68146a71df78564e4ef48af17551a5ddd142e5190cdf2c5624d0c3ff5b2e8", size = 209354, upload-time = "2025-09-08T23:23:33.214Z" },
    { url = "https://files.pythonhosted.org/packages/d8/19/3c435d727b368ca475fb8742ab97c9cb13a0de600ce86f62eab7fa3eea60/cffi-2.0.0-cp314-cp314t-manylinux2014_s390x.manylinux_2_17_s390x.whl", hash = "sha256:b1e74d11748e7e98e2f426ab176d4ed720a64412b6a15054378afdb71e0f37dc", size = 208480, upload-time = "2025-09-08T23:23:34.495Z" },
    { url = "https://files.pythonhosted.org/packages/d0/44/681604464ed9541673e486521497406fadcc15b5217c3e326b061696899a/cffi-2.0.0-cp314-cp314t-manylinux2014_x86_64.manylinux_2_17_x86_64.whl", hash = "sha256:28a3a209b96630bca57cce802da70c266eb08c6e97e5afd61a75611ee6c64592", size = 221584, upload-time = "2025-09-08T23:23:36.096Z" },
    { url = "https://files.pythonhosted.org/packages/25/8e/342a504ff018a2825d395d44d63a767dd8ebc927ebda557fecdaca3ac33a/cffi-2.0.0-cp314-cp314t-musllinux_1_2_aarch64.whl", hash = "sha256:7553fb2090d71822f02c629afe6042c299edf91ba1bf94951165613553984512", size = 224443, upload-time = "2025-09-08T23:23:37.328Z" },
    { url = "https://files.pythonhosted.org/packages/e1/5e/b666bacbbc60fbf415ba9988324a132c9a7a0448a9a8f125074671c0f2c3/cffi-2.0.0-cp314-cp314t-musllinux_1_2_x86_64.whl", hash = "sha256:6c6c373cfc5c83a975506110d17457138c8c63016b563cc9ed6e056a82f13ce4", size = 223437, upload-time = "2025-09-08T23:23:38.945Z" },
    { url = "https://files.pythonhosted.org/packages/a0/1d/ec1a60bd1a10daa292d3cd6bb0b359a81607154fb8165f3ec95fe003b85c/cffi-2.0.0-cp314-cp314t-win32.whl", hash = "sha256:1fc9ea04857caf665289b7a75923f2c6ed559b8298a1b8c49e59f7dd95c8481e", size = 180487, upload-time = "2025-09-08T23:23:40.423Z" },
    { url = "https://files.pythonhosted.org/packages/bf/41/4c1168c74fac325c0c8156f04b6749c8b6a8f405bbf91413ba088359f60d/cffi-2.0.0-cp314-cp314t-win_amd64.whl", hash = "sha256:d68b6cef7827e8641e8ef16f4494edda8b36104d79773a334beaa1e3521430f6", size = 191726, upload-time = "2025-09-08T23:23:41.742Z" },
    { url = "https://files.pythonhosted.org/packages/ae/3a/dbeec9d1ee0844c679f6bb5d6ad4e9f198b1224f4e7a32825f47f6192b0c/cffi-2.0.0-cp314-cp314t-win_arm64.whl", hash = "sha256:0a1527a803f0a659de1af2e1fd700213caba79377e27e4693648c2923da066f9", size = 184195, upload-time = "2025-09-08T23:23:43.004Z" },
]

[[package]]
name = "cryptography"
version = "46.0.0"
source = { registry = "https://pypi.org/simple" }
dependencies = [
    { name = "cffi", marker = "platform_python_implementation != 'PyPy'" },
]
sdist = { url = "https://files.pythonhosted.org/packages/80/ee/04cd4314db26ffc951c1ea90bde30dd226880ab9343759d7abbecef377ee/cryptography-46.0.0.tar.gz", hash = "sha256:99f64a6d15f19f3afd78720ad2978f6d8d4c68cd4eb600fab82ab1a7c2071dca", size = 749158, upload-time = "2025-09-16T21:07:49.091Z" }
wheels = [
    { url = "https://files.pythonhosted.org/packages/04/bd/3e935ca6e87dc4969683f5dd9e49adaf2cb5734253d93317b6b346e0bd33/cryptography-46.0.0-cp311-abi3-macosx_10_9_universal2.whl", hash = "sha256:c9c4121f9a41cc3d02164541d986f59be31548ad355a5c96ac50703003c50fb7", size = 7285468, upload-time = "2025-09-16T21:05:52.026Z" },
    { url = "https://files.pythonhosted.org/packages/c7/ee/dd17f412ce64b347871d7752657c5084940d42af4d9c25b1b91c7ee53362/cryptography-46.0.0-cp311-abi3-manylinux2014_aarch64.manylinux_2_17_aarch64.whl", hash = "sha256:4f70cbade61a16f5e238c4b0eb4e258d177a2fcb59aa0aae1236594f7b0ae338", size = 4308218, upload-time = "2025-09-16T21:05:55.653Z" },
    { url = "https://files.pythonhosted.org/packages/2f/53/f0b865a971e4e8b3e90e648b6f828950dea4c221bb699421e82ef45f0ef9/cryptography-46.0.0-cp311-abi3-manylinux2014_x86_64.manylinux_2_17_x86_64.whl", hash = "sha256:d1eccae15d5c28c74b2bea228775c63ac5b6c36eedb574e002440c0bc28750d3", size = 4571982, upload-time = "2025-09-16T21:05:57.322Z" },
    { url = "https://files.pythonhosted.org/packages/d4/c8/035be5fd63a98284fd74df9e04156f9fed7aa45cef41feceb0d06cbdadd0/cryptography-46.0.0-cp311-abi3-manylinux_2_28_aarch64.whl", hash = "sha256:1b4fba84166d906a22027f0d958e42f3a4dbbb19c28ea71f0fb7812380b04e3c", size = 4307996, upload-time = "2025-09-16T21:05:59.043Z" },
    { url = "https://files.pythonhosted.org/packages/aa/4a/dbb6d7d0a48b95984e2d4caf0a4c7d6606cea5d30241d984c0c02b47f1b6/cryptography-46.0.0-cp311-abi3-manylinux_2_28_armv7l.manylinux_2_31_armv7l.whl", hash = "sha256:523153480d7575a169933f083eb47b1edd5fef45d87b026737de74ffeb300f69", size = 4015692, upload-time = "2025-09-16T21:06:01.324Z" },
    { url = "https://files.pythonhosted.org/packages/65/48/aafcffdde716f6061864e56a0a5908f08dcb8523dab436228957c8ebd5df/cryptography-46.0.0-cp311-abi3-manylinux_2_28_ppc64le.whl", hash = "sha256:f09a3a108223e319168b7557810596631a8cb864657b0c16ed7a6017f0be9433", size = 4982192, upload-time = "2025-09-16T21:06:03.367Z" },
    { url = "https://files.pythonhosted.org/packages/4c/ab/1e73cfc181afc3054a09e5e8f7753a8fba254592ff50b735d7456d197353/cryptography-46.0.0-cp311-abi3-manylinux_2_28_x86_64.whl", hash = "sha256:c1f6ccd6f2eef3b2eb52837f0463e853501e45a916b3fc42e5d93cf244a4b97b", size = 4603944, upload-time = "2025-09-16T21:06:05.29Z" },
    { url = "https://files.pythonhosted.org/packages/3a/02/d71dac90b77c606c90c366571edf264dc8bd37cf836e7f902253cbf5aa77/cryptography-46.0.0-cp311-abi3-manylinux_2_34_aarch64.whl", hash = "sha256:80a548a5862d6912a45557a101092cd6c64ae1475b82cef50ee305d14a75f598", size = 4308149, upload-time = "2025-09-16T21:06:07.006Z" },
    { url = "https://files.pythonhosted.org/packages/29/e6/4dcb67fdc6addf4e319a99c4bed25776cb691f3aa6e0c4646474748816c6/cryptography-46.0.0-cp311-abi3-manylinux_2_34_ppc64le.whl", hash = "sha256:6c39fd5cd9b7526afa69d64b5e5645a06e1b904f342584b3885254400b63f1b3", size = 4947449, upload-time = "2025-09-16T21:06:11.244Z" },
    { url = "https://files.pythonhosted.org/packages/26/04/91e3fad8ee33aa87815c8f25563f176a58da676c2b14757a4d3b19f0253c/cryptography-46.0.0-cp311-abi3-manylinux_2_34_x86_64.whl", hash = "sha256:d5c0cbb2fb522f7e39b59a5482a1c9c5923b7c506cfe96a1b8e7368c31617ac0", size = 4603549, upload-time = "2025-09-16T21:06:13.268Z" },
    { url = "https://files.pythonhosted.org/packages/9c/6e/caf4efadcc8f593cbaacfbb04778f78b6d0dac287b45cec25e5054de38b7/cryptography-46.0.0-cp311-abi3-musllinux_1_2_aarch64.whl", hash = "sha256:6d8945bc120dcd90ae39aa841afddaeafc5f2e832809dc54fb906e3db829dfdc", size = 4435976, upload-time = "2025-09-16T21:06:16.514Z" },
    { url = "https://files.pythonhosted.org/packages/c1/c0/704710f349db25c5b91965c3662d5a758011b2511408d9451126429b6cd6/cryptography-46.0.0-cp311-abi3-musllinux_1_2_x86_64.whl", hash = "sha256:88c09da8a94ac27798f6b62de6968ac78bb94805b5d272dbcfd5fdc8c566999f", size = 4709447, upload-time = "2025-09-16T21:06:19.246Z" },
    { url = "https://files.pythonhosted.org/packages/91/5e/ff63bfd27b75adaf75cc2398de28a0b08105f9d7f8193f3b9b071e38e8b9/cryptography-46.0.0-cp311-abi3-win32.whl", hash = "sha256:3738f50215211cee1974193a1809348d33893696ce119968932ea117bcbc9b1d", size = 3058317, upload-time = "2025-09-16T21:06:21.466Z" },
    { url = "https://files.pythonhosted.org/packages/46/47/4caf35014c4551dd0b43aa6c2e250161f7ffcb9c3918c9e075785047d5d2/cryptography-46.0.0-cp311-abi3-win_amd64.whl", hash = "sha256:bbaa5eef3c19c66613317dc61e211b48d5f550db009c45e1c28b59d5a9b7812a", size = 3523891, upload-time = "2025-09-16T21:06:23.856Z" },
    { url = "https://files.pythonhosted.org/packages/98/66/6a0cafb3084a854acf808fccf756cbc9b835d1b99fb82c4a15e2e2ffb404/cryptography-46.0.0-cp311-abi3-win_arm64.whl", hash = "sha256:16b5ac72a965ec9d1e34d9417dbce235d45fa04dac28634384e3ce40dfc66495", size = 2932145, upload-time = "2025-09-16T21:06:25.842Z" },
    { url = "https://files.pythonhosted.org/packages/f2/5f/0cf967a1dc1419d5dde111bd0e22872038199f4e4655539ea6f4da5ad7f1/cryptography-46.0.0-cp314-abi3-macosx_10_9_universal2.whl", hash = "sha256:91585fc9e696abd7b3e48a463a20dda1a5c0eeeca4ba60fa4205a79527694390", size = 7203952, upload-time = "2025-09-16T21:06:28.21Z" },
    { url = "https://files.pythonhosted.org/packages/9c/9e/d20925af5f0484c5049cf7254c91b79776a9b555af04493de6bdd419b495/cryptography-46.0.0-cp314-cp314t-manylinux2014_aarch64.manylinux_2_17_aarch64.whl", hash = "sha256:65e9117ebed5b16b28154ed36b164c20021f3a480e9cbb4b4a2a59b95e74c25d", size = 4293519, upload-time = "2025-09-16T21:06:30.143Z" },
    { url = "https://files.pythonhosted.org/packages/5f/b9/07aec6b183ef0054b5f826ae43f0b4db34c50b56aff18f67babdcc2642a3/cryptography-46.0.0-cp314-cp314t-manylinux2014_x86_64.manylinux_2_17_x86_64.whl", hash = "sha256:da7f93551d39d462263b6b5c9056c49f780b9200bf9fc2656d7c88c7bdb9b363", size = 4545583, upload-time = "2025-09-16T21:06:31.914Z" },
    { url = "https://files.pythonhosted.org/packages/39/4a/7d25158be8c607e2b9ebda49be762404d675b47df335d0d2a3b979d80213/cryptography-46.0.0-cp314-cp314t-manylinux_2_28_aarch64.whl", hash = "sha256:be7479f9504bfb46628544ec7cb4637fe6af8b70445d4455fbb9c395ad9b7290", size = 4299196, upload-time = "2025-09-16T21:06:33.724Z" },
    { url = "https://files.pythonhosted.org/packages/15/3f/65c8753c0dbebe769cc9f9d87d52bce8b74e850ef2818c59bfc7e4248663/cryptography-46.0.0-cp314-cp314t-manylinux_2_28_armv7l.manylinux_2_31_armv7l.whl", hash = "sha256:f85e6a7d42ad60024fa1347b1d4ef82c4df517a4deb7f829d301f1a92ded038c", size = 3994419, upload-time = "2025-09-16T21:06:35.877Z" },
    { url = "https://files.pythonhosted.org/packages/d5/b4/69a271873cfc333a236443c94aa07e0233bc36b384e182da2263703b5759/cryptography-46.0.0-cp314-cp314t-manylinux_2_28_ppc64le.whl", hash = "sha256:d349af4d76a93562f1dce4d983a4a34d01cb22b48635b0d2a0b8372cdb4a8136", size = 4960228, upload-time = "2025-09-16T21:06:38.182Z" },
    { url = "https://files.pythonhosted.org/packages/af/e0/ab62ee938b8d17bd1025cff569803cfc1c62dfdf89ffc78df6e092bff35f/cryptography-46.0.0-cp314-cp314t-manylinux_2_28_x86_64.whl", hash = "sha256:35aa1a44bd3e0efc3ef09cf924b3a0e2a57eda84074556f4506af2d294076685", size = 4577257, upload-time = "2025-09-16T21:06:39.998Z" },
    { url = "https://files.pythonhosted.org/packages/49/67/09a581c21da7189676678edd2bd37b64888c88c2d2727f2c3e0350194fba/cryptography-46.0.0-cp314-cp314t-manylinux_2_34_aarch64.whl", hash = "sha256:c457ad3f151d5fb380be99425b286167b358f76d97ad18b188b68097193ed95a", size = 4299023, upload-time = "2025-09-16T21:06:42.182Z" },
    { url = "https://files.pythonhosted.org/packages/af/28/2cb6d3d0d2c8ce8be4f19f4d83956c845c760a9e6dfe5b476cebed4f4f00/cryptography-46.0.0-cp314-cp314t-manylinux_2_34_ppc64le.whl", hash = "sha256:399ef4c9be67f3902e5ca1d80e64b04498f8b56c19e1bc8d0825050ea5290410", size = 4925802, upload-time = "2025-09-16T21:06:44.31Z" },
    { url = "https://files.pythonhosted.org/packages/88/0b/1f31b6658c1dfa04e82b88de2d160e0e849ffb94353b1526dfb3a225a100/cryptography-46.0.0-cp314-cp314t-manylinux_2_34_x86_64.whl", hash = "sha256:378eff89b040cbce6169528f130ee75dceeb97eef396a801daec03b696434f06", size = 4577107, upload-time = "2025-09-16T21:06:46.324Z" },
    { url = "https://files.pythonhosted.org/packages/c2/af/507de3a1d4ded3068ddef188475d241bfc66563d99161585c8f2809fee01/cryptography-46.0.0-cp314-cp314t-musllinux_1_2_aarch64.whl", hash = "sha256:c3648d6a5878fd1c9a22b1d43fa75efc069d5f54de12df95c638ae7ba88701d0", size = 4422506, upload-time = "2025-09-16T21:06:47.963Z" },
    { url = "https://files.pythonhosted.org/packages/47/aa/08e514756504d92334cabfe7fe792d10d977f2294ef126b2056b436450eb/cryptography-46.0.0-cp314-cp314t-musllinux_1_2_x86_64.whl", hash = "sha256:2fc30be952dd4334801d345d134c9ef0e9ccbaa8c3e1bc18925cbc4247b3e29c", size = 4684081, upload-time = "2025-09-16T21:06:49.667Z" },
    { url = "https://files.pythonhosted.org/packages/d0/ef/ffde6e334fbd4ace04a6d9ced4c5fe1ca9e6ded4ee21b077a6889b452a89/cryptography-46.0.0-cp314-cp314t-win32.whl", hash = "sha256:b8e7db4ce0b7297e88f3d02e6ee9a39382e0efaf1e8974ad353120a2b5a57ef7", size = 3029735, upload-time = "2025-09-16T21:06:51.301Z" },
    { url = "https://files.pythonhosted.org/packages/4a/78/a41aee8bc5659390806196b0ed4d388211d3b38172827e610a82a7cd7546/cryptography-46.0.0-cp314-cp314t-win_amd64.whl", hash = "sha256:40ee4ce3c34acaa5bc347615ec452c74ae8ff7db973a98c97c62293120f668c6", size = 3502172, upload-time = "2025-09-16T21:06:53.328Z" },
    { url = "https://files.pythonhosted.org/packages/f0/2b/7e7427c258fdeae867d236cc9cad0c5c56735bc4d2f4adf035933ab4c15f/cryptography-46.0.0-cp314-cp314t-win_arm64.whl", hash = "sha256:07a1be54f995ce14740bf8bbe1cc35f7a37760f992f73cf9f98a2a60b9b97419", size = 2912344, upload-time = "2025-09-16T21:06:56.808Z" },
    { url = "https://files.pythonhosted.org/packages/53/06/80e7256a4677c2e9eb762638e8200a51f6dd56d2e3de3e34d0a83c2f5f80/cryptography-46.0.0-cp38-abi3-macosx_10_9_universal2.whl", hash = "sha256:1d2073313324226fd846e6b5fc340ed02d43fd7478f584741bd6b791c33c9fee", size = 7257206, upload-time = "2025-09-16T21:06:59.295Z" },
    { url = "https://files.pythonhosted.org/packages/3d/b8/a5ed987f5c11b242713076121dddfff999d81fb492149c006a579d0e4099/cryptography-46.0.0-cp38-abi3-manylinux2014_aarch64.manylinux_2_17_aarch64.whl", hash = "sha256:83af84ebe7b6e9b6de05050c79f8cc0173c864ce747b53abce6a11e940efdc0d", size = 4301182, upload-time = "2025-09-16T21:07:01.624Z" },
    { url = "https://files.pythonhosted.org/packages/da/94/f1c1f30110c05fa5247bf460b17acfd52fa3f5c77e94ba19cff8957dc5e6/cryptography-46.0.0-cp38-abi3-manylinux2014_x86_64.manylinux_2_17_x86_64.whl", hash = "sha256:c3cd09b1490c1509bf3892bde9cef729795fae4a2fee0621f19be3321beca7e4", size = 4562561, upload-time = "2025-09-16T21:07:03.386Z" },
    { url = "https://files.pythonhosted.org/packages/5d/54/8decbf2f707350bedcd525833d3a0cc0203d8b080d926ad75d5c4de701ba/cryptography-46.0.0-cp38-abi3-manylinux_2_28_aarch64.whl", hash = "sha256:d14eaf1569d6252280516bedaffdd65267428cdbc3a8c2d6de63753cf0863d5e", size = 4301974, upload-time = "2025-09-16T21:07:04.962Z" },
    { url = "https://files.pythonhosted.org/packages/82/63/c34a2f3516c6b05801f129616a5a1c68a8c403b91f23f9db783ee1d4f700/cryptography-46.0.0-cp38-abi3-manylinux_2_28_armv7l.manylinux_2_31_armv7l.whl", hash = "sha256:ab3a14cecc741c8c03ad0ad46dfbf18de25218551931a23bca2731d46c706d83", size = 4009462, upload-time = "2025-09-16T21:07:06.569Z" },
    { url = "https://files.pythonhosted.org/packages/cd/c5/92ef920a4cf8ff35fcf9da5a09f008a6977dcb9801c709799ec1bf2873fb/cryptography-46.0.0-cp38-abi3-manylinux_2_28_ppc64le.whl", hash = "sha256:8e8b222eb54e3e7d3743a7c2b1f7fa7df7a9add790307bb34327c88ec85fe087", size = 4980769, upload-time = "2025-09-16T21:07:08.269Z" },
    { url = "https://files.pythonhosted.org/packages/a9/8f/1705f7ea3b9468c4a4fef6cce631db14feb6748499870a4772993cbeb729/cryptography-46.0.0-cp38-abi3-manylinux_2_28_x86_64.whl", hash = "sha256:7f3f88df0c9b248dcc2e76124f9140621aca187ccc396b87bc363f890acf3a30", size = 4591812, upload-time = "2025-09-16T21:07:10.288Z" },
    { url = "https://files.pythonhosted.org/packages/34/b9/2d797ce9d346b8bac9f570b43e6e14226ff0f625f7f6f2f95d9065e316e3/cryptography-46.0.0-cp38-abi3-manylinux_2_34_aarch64.whl", hash = "sha256:9aa85222f03fdb30defabc7a9e1e3d4ec76eb74ea9fe1504b2800844f9c98440", size = 4301844, upload-time = "2025-09-16T21:07:12.522Z" },
    { url = "https://files.pythonhosted.org/packages/a8/2d/8efc9712997b46aea2ac8f74adc31f780ac4662e3b107ecad0d5c1a0c7f8/cryptography-46.0.0-cp38-abi3-manylinux_2_34_ppc64le.whl", hash = "sha256:f9aaf2a91302e1490c068d2f3af7df4137ac2b36600f5bd26e53d9ec320412d3", size = 4943257, upload-time = "2025-09-16T21:07:14.289Z" },
    { url = "https://files.pythonhosted.org/packages/c4/0c/bc365287a97d28aa7feef8810884831b2a38a8dc4cf0f8d6927ad1568d27/cryptography-46.0.0-cp38-abi3-manylinux_2_34_x86_64.whl", hash = "sha256:32670ca085150ff36b438c17f2dfc54146fe4a074ebf0a76d72fb1b419a974bc", size = 4591154, upload-time = "2025-09-16T21:07:16.271Z" },
    { url = "https://files.pythonhosted.org/packages/51/3b/0b15107277b0c558c02027da615f4e78c892f22c6a04d29c6ad43fcddca6/cryptography-46.0.0-cp38-abi3-musllinux_1_2_aarch64.whl", hash = "sha256:0f58183453032727a65e6605240e7a3824fd1d6a7e75d2b537e280286ab79a52", size = 4428200, upload-time = "2025-09-16T21:07:18.118Z" },
    { url = "https://files.pythonhosted.org/packages/cf/24/814d69418247ea2cfc985eec6678239013500d745bc7a0a35a32c2e2f3be/cryptography-46.0.0-cp38-abi3-musllinux_1_2_x86_64.whl", hash = "sha256:4bc257c2d5d865ed37d0bd7c500baa71f939a7952c424f28632298d80ccd5ec1", size = 4699862, upload-time = "2025-09-16T21:07:20.219Z" },
    { url = "https://files.pythonhosted.org/packages/fb/1e/665c718e0c45281a4e22454fa8a9bd8835f1ceb667b9ffe807baa41cd681/cryptography-46.0.0-cp38-abi3-win32.whl", hash = "sha256:df932ac70388be034b2e046e34d636245d5eeb8140db24a6b4c2268cd2073270", size = 3043766, upload-time = "2025-09-16T21:07:21.969Z" },
    { url = "https://files.pythonhosted.org/packages/78/7e/12e1e13abff381c702697845d1cf372939957735f49ef66f2061f38da32f/cryptography-46.0.0-cp38-abi3-win_amd64.whl", hash = "sha256:274f8b2eb3616709f437326185eb563eb4e5813d01ebe2029b61bfe7d9995fbb", size = 3517216, upload-time = "2025-09-16T21:07:24.024Z" },
    { url = "https://files.pythonhosted.org/packages/ad/55/009497b2ae7375db090b41f9fe7a1a7362f804ddfe17ed9e34f748fcb0e5/cryptography-46.0.0-cp38-abi3-win_arm64.whl", hash = "sha256:249c41f2bbfa026615e7bdca47e4a66135baa81b08509ab240a2e666f6af5966", size = 2923145, upload-time = "2025-09-16T21:07:25.74Z" },
]

[[package]]
name = "jinja2"
version = "3.1.6"
source = { registry = "https://pypi.org/simple" }
dependencies = [
    { name = "markupsafe" },
]
sdist = { url = "https://files.pythonhosted.org/packages/df/bf/f7da0350254c0ed7c72f3e33cef02e048281fec7ecec5f032d4aac52226b/jinja2-3.1.6.tar.gz", hash = "sha256:0137fb05990d35f1275a587e9aee6d56da821fc83491a0fb838183be43f66d6d", size = 245115, upload-time = "2025-03-05T20:05:02.478Z" }
wheels = [
    { url = "https://files.pythonhosted.org/packages/62/a1/3d680cbfd5f4b8f15abc1d571870c5fc3e594bb582bc3b64ea099db13e56/jinja2-3.1.6-py3-none-any.whl", hash = "sha256:85ece4451f492d0c13c5dd7c13a64681a86afae63a5f347908daf103ce6d2f67", size = 134899, upload-time = "2025-03-05T20:05:00.369Z" },
]

[[package]]
name = "markupsafe"
version = "3.0.2"
source = { registry = "https://pypi.org/simple" }
sdist = { url = "https://files.pythonhosted.org/packages/b2/97/5d42485e71dfc078108a86d6de8fa46db44a1a9295e89c5d6d4a06e23a62/markupsafe-3.0.2.tar.gz", hash = "sha256:ee55d3edf80167e48ea11a923c7386f4669df67d7994554387f84e7d8b0a2bf0", size = 20537, upload-time = "2024-10-18T15:21:54.129Z" }
wheels = [
    { url = "https://files.pythonhosted.org/packages/83/0e/67eb10a7ecc77a0c2bbe2b0235765b98d164d81600746914bebada795e97/MarkupSafe-3.0.2-cp313-cp313-macosx_10_13_universal2.whl", hash = "sha256:ba9527cdd4c926ed0760bc301f6728ef34d841f405abf9d4f959c478421e4efd", size = 14274, upload-time = "2024-10-18T15:21:24.577Z" },
    { url = "https://files.pythonhosted.org/packages/2b/6d/9409f3684d3335375d04e5f05744dfe7e9f120062c9857df4ab490a1031a/MarkupSafe-3.0.2-cp313-cp313-macosx_11_0_arm64.whl", hash = "sha256:f8b3d067f2e40fe93e1ccdd6b2e1d16c43140e76f02fb1319a05cf2b79d99430", size = 12352, upload-time = "2024-10-18T15:21:25.382Z" },
    { url = "https://files.pythonhosted.org/packages/d2/f5/6eadfcd3885ea85fe2a7c128315cc1bb7241e1987443d78c8fe712d03091/MarkupSafe-3.0.2-cp313-cp313-manylinux_2_17_aarch64.manylinux2014_aarch64.whl", hash = "sha256:569511d3b58c8791ab4c2e1285575265991e6d8f8700c7be0e88f86cb0672094", size = 24122, upload-time = "2024-10-18T15:21:26.199Z" },
    { url = "https://files.pythonhosted.org/packages/0c/91/96cf928db8236f1bfab6ce15ad070dfdd02ed88261c2afafd4b43575e9e9/MarkupSafe-3.0.2-cp313-cp313-manylinux_2_17_x86_64.manylinux2014_x86_64.whl", hash = "sha256:15ab75ef81add55874e7ab7055e9c397312385bd9ced94920f2802310c930396", size = 23085, upload-time = "2024-10-18T15:21:27.029Z" },
    { url = "https://files.pythonhosted.org/packages/c2/cf/c9d56af24d56ea04daae7ac0940232d31d5a8354f2b457c6d856b2057d69/MarkupSafe-3.0.2-cp313-cp313-manylinux_2_5_i686.manylinux1_i686.manylinux_2_17_i686.manylinux2014_i686.whl", hash = "sha256:f3818cb119498c0678015754eba762e0d61e5b52d34c8b13d770f0719f7b1d79", size = 22978, upload-time = "2024-10-18T15:21:27.846Z" },
    { url = "https://files.pythonhosted.org/packages/2a/9f/8619835cd6a711d6272d62abb78c033bda638fdc54c4e7f4272cf1c0962b/MarkupSafe-3.0.2-cp313-cp313-musllinux_1_2_aarch64.whl", hash = "sha256:cdb82a876c47801bb54a690c5ae105a46b392ac6099881cdfb9f6e95e4014c6a", size = 24208, upload-time = "2024-10-18T15:21:28.744Z" },
    { url = "https://files.pythonhosted.org/packages/f9/bf/176950a1792b2cd2102b8ffeb5133e1ed984547b75db47c25a67d3359f77/MarkupSafe-3.0.2-cp313-cp313-musllinux_1_2_i686.whl", hash = "sha256:cabc348d87e913db6ab4aa100f01b08f481097838bdddf7c7a84b7575b7309ca", size = 23357, upload-time = "2024-10-18T15:21:29.545Z" },
    { url = "https://files.pythonhosted.org/packages/ce/4f/9a02c1d335caabe5c4efb90e1b6e8ee944aa245c1aaaab8e8a618987d816/MarkupSafe-3.0.2-cp313-cp313-musllinux_1_2_x86_64.whl", hash = "sha256:444dcda765c8a838eaae23112db52f1efaf750daddb2d9ca300bcae1039adc5c", size = 23344, upload-time = "2024-10-18T15:21:30.366Z" },
    { url = "https://files.pythonhosted.org/packages/ee/55/c271b57db36f748f0e04a759ace9f8f759ccf22b4960c270c78a394f58be/MarkupSafe-3.0.2-cp313-cp313-win32.whl", hash = "sha256:bcf3e58998965654fdaff38e58584d8937aa3096ab5354d493c77d1fdd66d7a1", size = 15101, upload-time = "2024-10-18T15:21:31.207Z" },
    { url = "https://files.pythonhosted.org/packages/29/88/07df22d2dd4df40aba9f3e402e6dc1b8ee86297dddbad4872bd5e7b0094f/MarkupSafe-3.0.2-cp313-cp313-win_amd64.whl", hash = "sha256:e6a2a455bd412959b57a172ce6328d2dd1f01cb2135efda2e4576e8a23fa3b0f", size = 15603, upload-time = "2024-10-18T15:21:32.032Z" },
    { url = "https://files.pythonhosted.org/packages/62/6a/8b89d24db2d32d433dffcd6a8779159da109842434f1dd2f6e71f32f738c/MarkupSafe-3.0.2-cp313-cp313t-macosx_10_13_universal2.whl", hash = "sha256:b5a6b3ada725cea8a5e634536b1b01c30bcdcd7f9c6fff4151548d5bf6b3a36c", size = 14510, upload-time = "2024-10-18T15:21:33.625Z" },
    { url = "https://files.pythonhosted.org/packages/7a/06/a10f955f70a2e5a9bf78d11a161029d278eeacbd35ef806c3fd17b13060d/MarkupSafe-3.0.2-cp313-cp313t-macosx_11_0_arm64.whl", hash = "sha256:a904af0a6162c73e3edcb969eeeb53a63ceeb5d8cf642fade7d39e7963a22ddb", size = 12486, upload-time = "2024-10-18T15:21:34.611Z" },
    { url = "https://files.pythonhosted.org/packages/34/cf/65d4a571869a1a9078198ca28f39fba5fbb910f952f9dbc5220afff9f5e6/MarkupSafe-3.0.2-cp313-cp313t-manylinux_2_17_aarch64.manylinux2014_aarch64.whl", hash = "sha256:4aa4e5faecf353ed117801a068ebab7b7e09ffb6e1d5e412dc852e0da018126c", size = 25480, upload-time = "2024-10-18T15:21:35.398Z" },
    { url = "https://files.pythonhosted.org/packages/0c/e3/90e9651924c430b885468b56b3d597cabf6d72be4b24a0acd1fa0e12af67/MarkupSafe-3.0.2-cp313-cp313t-manylinux_2_17_x86_64.manylinux2014_x86_64.whl", hash = "sha256:c0ef13eaeee5b615fb07c9a7dadb38eac06a0608b41570d8ade51c56539e509d", size = 23914, upload-time = "2024-10-18T15:21:36.231Z" },
    { url = "https://files.pythonhosted.org/packages/66/8c/6c7cf61f95d63bb866db39085150df1f2a5bd3335298f14a66b48e92659c/MarkupSafe-3.0.2-cp313-cp313t-manylinux_2_5_i686.manylinux1_i686.manylinux_2_17_i686.manylinux2014_i686.whl", hash = "sha256:d16a81a06776313e817c951135cf7340a3e91e8c1ff2fac444cfd75fffa04afe", size = 23796, upload-time = "2024-10-18T15:21:37.073Z" },
    { url = "https://files.pythonhosted.org/packages/bb/35/cbe9238ec3f47ac9a7c8b3df7a808e7cb50fe149dc7039f5f454b3fba218/MarkupSafe-3.0.2-cp313-cp313t-musllinux_1_2_aarch64.whl", hash = "sha256:6381026f158fdb7c72a168278597a5e3a5222e83ea18f543112b2662a9b699c5", size = 25473, upload-time = "2024-10-18T15:21:37.932Z" },
    { url = "https://files.pythonhosted.org/packages/e6/32/7621a4382488aa283cc05e8984a9c219abad3bca087be9ec77e89939ded9/MarkupSafe-3.0.2-cp313-cp313t-musllinux_1_2_i686.whl", hash = "sha256:3d79d162e7be8f996986c064d1c7c817f6df3a77fe3d6859f6f9e7be4b8c213a", size = 24114, upload-time = "2024-10-18T15:21:39.799Z" },
    { url = "https://files.pythonhosted.org/packages/0d/80/0985960e4b89922cb5a0bac0ed39c5b96cbc1a536a99f30e8c220a996ed9/MarkupSafe-3.0.2-cp313-cp313t-musllinux_1_2_x86_64.whl", hash = "sha256:131a3c7689c85f5ad20f9f6fb1b866f402c445b220c19fe4308c0b147ccd2ad9", size = 24098, upload-time = "2024-10-18T15:21:40.813Z" },
    { url = "https://files.pythonhosted.org/packages/82/78/fedb03c7d5380df2427038ec8d973587e90561b2d90cd472ce9254cf348b/MarkupSafe-3.0.2-cp313-cp313t-win32.whl", hash = "sha256:ba8062ed2cf21c07a9e295d5b8a2a5ce678b913b45fdf68c32d95d6c1291e0b6", size = 15208, upload-time = "2024-10-18T15:21:41.814Z" },
    { url = "https://files.pythonhosted.org/packages/4f/65/6079a46068dfceaeabb5dcad6d674f5f5c61a6fa5673746f42a9f4c233b3/MarkupSafe-3.0.2-cp313-cp313t-win_amd64.whl", hash = "sha256:e444a31f8db13eb18ada366ab3cf45fd4b31e4db1236a4448f68778c1d1a5a2f", size = 15739, upload-time = "2024-10-18T15:21:42.784Z" },
]

[[package]]
name = "packaging"
version = "25.0"
source = { registry = "https://pypi.org/simple" }
sdist = { url = "https://files.pythonhosted.org/packages/a1/d4/1fc4078c65507b51b96ca8f8c3ba19e6a61c8253c72794544580a7b6c24d/packaging-25.0.tar.gz", hash = "sha256:d443872c98d677bf60f6a1f2f8c1cb748e8fe762d2bf9d3148b5599295b0fc4f", size = 165727, upload-time = "2025-04-19T11:48:59.673Z" }
wheels = [
    { url = "https://files.pythonhosted.org/packages/20/12/38679034af332785aac8774540895e234f4d07f7545804097de4b666afd8/packaging-25.0-py3-none-any.whl", hash = "sha256:29572ef2b1f17581046b3a2227d5c611fb25ec70ca1ba8554b24b0e69331a484", size = 66469, upload-time = "2025-04-19T11:48:57.875Z" },
]

[[package]]
name = "pycparser"
version = "2.23"
source = { registry = "https://pypi.org/simple" }
sdist = { url = "https://files.pythonhosted.org/packages/fe/cf/d2d3b9f5699fb1e4615c8e32ff220203e43b248e1dfcc6736ad9057731ca/pycparser-2.23.tar.gz", hash = "sha256:78816d4f24add8f10a06d6f05b4d424ad9e96cfebf68a4ddc99c65c0720d00c2", size = 173734, upload-time = "2025-09-09T13:23:47.91Z" }
wheels = [
    { url = "https://files.pythonhosted.org/packages/a0/e3/59cd50310fc9b59512193629e1984c1f95e5c8ae6e5d8c69532ccc65a7fe/pycparser-2.23-py3-none-any.whl", hash = "sha256:e5c6e8d3fbad53479cab09ac03729e0a9faf2bee3db8208a550daf5af81a5934", size = 118140, upload-time = "2025-09-09T13:23:46.651Z" },
]

[[package]]
name = "pyyaml"
version = "6.0.2"
source = { registry = "https://pypi.org/simple" }
sdist = { url = "https://files.pythonhosted.org/packages/54/ed/79a089b6be93607fa5cdaedf301d7dfb23af5f25c398d5ead2525b063e17/pyyaml-6.0.2.tar.gz", hash = "sha256:d584d9ec91ad65861cc08d42e834324ef890a082e591037abe114850ff7bbc3e", size = 130631, upload-time = "2024-08-06T20:33:50.674Z" }
wheels = [
    { url = "https://files.pythonhosted.org/packages/ef/e3/3af305b830494fa85d95f6d95ef7fa73f2ee1cc8ef5b495c7c3269fb835f/PyYAML-6.0.2-cp313-cp313-macosx_10_13_x86_64.whl", hash = "sha256:efdca5630322a10774e8e98e1af481aad470dd62c3170801852d752aa7a783ba", size = 181309, upload-time = "2024-08-06T20:32:43.4Z" },
    { url = "https://files.pythonhosted.org/packages/45/9f/3b1c20a0b7a3200524eb0076cc027a970d320bd3a6592873c85c92a08731/PyYAML-6.0.2-cp313-cp313-macosx_11_0_arm64.whl", hash = "sha256:50187695423ffe49e2deacb8cd10510bc361faac997de9efef88badc3bb9e2d1", size = 171679, upload-time = "2024-08-06T20:32:44.801Z" },
    { url = "https://files.pythonhosted.org/packages/7c/9a/337322f27005c33bcb656c655fa78325b730324c78620e8328ae28b64d0c/PyYAML-6.0.2-cp313-cp313-manylinux_2_17_aarch64.manylinux2014_aarch64.whl", hash = "sha256:0ffe8360bab4910ef1b9e87fb812d8bc0a308b0d0eef8c8f44e0254ab3b07133", size = 733428, upload-time = "2024-08-06T20:32:46.432Z" },
    { url = "https://files.pythonhosted.org/packages/a3/69/864fbe19e6c18ea3cc196cbe5d392175b4cf3d5d0ac1403ec3f2d237ebb5/PyYAML-6.0.2-cp313-cp313-manylinux_2_17_s390x.manylinux2014_s390x.whl", hash = "sha256:17e311b6c678207928d649faa7cb0d7b4c26a0ba73d41e99c4fff6b6c3276484", size = 763361, upload-time = "2024-08-06T20:32:51.188Z" },
    { url = "https://files.pythonhosted.org/packages/04/24/b7721e4845c2f162d26f50521b825fb061bc0a5afcf9a386840f23ea19fa/PyYAML-6.0.2-cp313-cp313-manylinux_2_17_x86_64.manylinux2014_x86_64.whl", hash = "sha256:70b189594dbe54f75ab3a1acec5f1e3faa7e8cf2f1e08d9b561cb41b845f69d5", size = 759523, upload-time = "2024-08-06T20:32:53.019Z" },
    { url = "https://files.pythonhosted.org/packages/2b/b2/e3234f59ba06559c6ff63c4e10baea10e5e7df868092bf9ab40e5b9c56b6/PyYAML-6.0.2-cp313-cp313-musllinux_1_1_aarch64.whl", hash = "sha256:41e4e3953a79407c794916fa277a82531dd93aad34e29c2a514c2c0c5fe971cc", size = 726660, upload-time = "2024-08-06T20:32:54.708Z" },
    { url = "https://files.pythonhosted.org/packages/fe/0f/25911a9f080464c59fab9027482f822b86bf0608957a5fcc6eaac85aa515/PyYAML-6.0.2-cp313-cp313-musllinux_1_1_x86_64.whl", hash = "sha256:68ccc6023a3400877818152ad9a1033e3db8625d899c72eacb5a668902e4d652", size = 751597, upload-time = "2024-08-06T20:32:56.985Z" },
    { url = "https://files.pythonhosted.org/packages/14/0d/e2c3b43bbce3cf6bd97c840b46088a3031085179e596d4929729d8d68270/PyYAML-6.0.2-cp313-cp313-win32.whl", hash = "sha256:bc2fa7c6b47d6bc618dd7fb02ef6fdedb1090ec036abab80d4681424b84c1183", size = 140527, upload-time = "2024-08-06T20:33:03.001Z" },
    { url = "https://files.pythonhosted.org/packages/fa/de/02b54f42487e3d3c6efb3f89428677074ca7bf43aae402517bc7cca949f3/PyYAML-6.0.2-cp313-cp313-win_amd64.whl", hash = "sha256:8388ee1976c416731879ac16da0aff3f63b286ffdd57cdeb95f3f2e085687563", size = 156446, upload-time = "2024-08-06T20:33:04.33Z" },
]

[[package]]
name = "resolvelib"
version = "1.2.0"
source = { registry = "https://pypi.org/simple" }
sdist = { url = "https://files.pythonhosted.org/packages/05/57/c5c178e21968123cf2aa90501b5fc14a48e342612695863333f4b70510ad/resolvelib-1.2.0.tar.gz", hash = "sha256:c27fbb5098acd7dfc01fb2be3724bd0881168edc2bd3b4dc876ca3f46b8e4a3d", size = 23448, upload-time = "2025-06-26T01:41:13.936Z" }
wheels = [
    { url = "https://files.pythonhosted.org/packages/c7/dd/a7bd1227a77403d894ac6c71bf55f6aff39cb485b268d285a158209d5963/resolvelib-1.2.0-py3-none-any.whl", hash = "sha256:8e3e2000beaf53fdfd8772fda1a7b1df97e803ab7c8925621bbb87c4d187a94d", size = 18691, upload-time = "2025-06-26T01:41:12.411Z" },
]
